// !$*UTF8*$!
{
	archiveVersion = 1;
	classes = {
	};
	objectVersion = 46;
	objects = {

/* Begin PBXBuildFile section */
		181BE140154F5388000CFB87 /* lapi.cpp in Sources */ = {isa = PBXBuildFile; fileRef = 181BE123154F5388000CFB87 /* lapi.cpp */; };
		181BE141154F5388000CFB87 /* lauxlib.cpp in Sources */ = {isa = PBXBuildFile; fileRef = 181BE124154F5388000CFB87 /* lauxlib.cpp */; };
		181BE142154F5388000CFB87 /* lbaselib.cpp in Sources */ = {isa = PBXBuildFile; fileRef = 181BE125154F5388000CFB87 /* lbaselib.cpp */; };
		181BE143154F5388000CFB87 /* lcode.cpp in Sources */ = {isa = PBXBuildFile; fileRef = 181BE126154F5388000CFB87 /* lcode.cpp */; };
		181BE144154F5388000CFB87 /* ldblib.cpp in Sources */ = {isa = PBXBuildFile; fileRef = 181BE127154F5388000CFB87 /* ldblib.cpp */; };
		181BE145154F5388000CFB87 /* ldebug.cpp in Sources */ = {isa = PBXBuildFile; fileRef = 181BE128154F5388000CFB87 /* ldebug.cpp */; };
		181BE146154F5388000CFB87 /* ldo.cpp in Sources */ = {isa = PBXBuildFile; fileRef = 181BE129154F5388000CFB87 /* ldo.cpp */; };
		181BE147154F5388000CFB87 /* ldump.cpp in Sources */ = {isa = PBXBuildFile; fileRef = 181BE12A154F5388000CFB87 /* ldump.cpp */; };
		181BE148154F5388000CFB87 /* lfunc.cpp in Sources */ = {isa = PBXBuildFile; fileRef = 181BE12B154F5388000CFB87 /* lfunc.cpp */; };
		181BE149154F5388000CFB87 /* lgc.cpp in Sources */ = {isa = PBXBuildFile; fileRef = 181BE12C154F5388000CFB87 /* lgc.cpp */; };
		181BE14A154F5388000CFB87 /* linit.cpp in Sources */ = {isa = PBXBuildFile; fileRef = 181BE12D154F5388000CFB87 /* linit.cpp */; };
		181BE14B154F5388000CFB87 /* liolib.cpp in Sources */ = {isa = PBXBuildFile; fileRef = 181BE12E154F5388000CFB87 /* liolib.cpp */; };
		181BE14C154F5388000CFB87 /* llex.cpp in Sources */ = {isa = PBXBuildFile; fileRef = 181BE12F154F5388000CFB87 /* llex.cpp */; };
		181BE14D154F5388000CFB87 /* lmathlib.cpp in Sources */ = {isa = PBXBuildFile; fileRef = 181BE130154F5388000CFB87 /* lmathlib.cpp */; };
		181BE14E154F5388000CFB87 /* lmem.cpp in Sources */ = {isa = PBXBuildFile; fileRef = 181BE131154F5388000CFB87 /* lmem.cpp */; };
		181BE14F154F5388000CFB87 /* loadlib.cpp in Sources */ = {isa = PBXBuildFile; fileRef = 181BE132154F5388000CFB87 /* loadlib.cpp */; };
		181BE150154F5388000CFB87 /* lobject.cpp in Sources */ = {isa = PBXBuildFile; fileRef = 181BE133154F5388000CFB87 /* lobject.cpp */; };
		181BE151154F5388000CFB87 /* lopcodes.cpp in Sources */ = {isa = PBXBuildFile; fileRef = 181BE134154F5388000CFB87 /* lopcodes.cpp */; };
		181BE152154F5388000CFB87 /* loslib.cpp in Sources */ = {isa = PBXBuildFile; fileRef = 181BE135154F5388000CFB87 /* loslib.cpp */; };
		181BE153154F5388000CFB87 /* lparser.cpp in Sources */ = {isa = PBXBuildFile; fileRef = 181BE136154F5388000CFB87 /* lparser.cpp */; };
		181BE154154F5388000CFB87 /* lstate.cpp in Sources */ = {isa = PBXBuildFile; fileRef = 181BE137154F5388000CFB87 /* lstate.cpp */; };
		181BE155154F5388000CFB87 /* lstring.cpp in Sources */ = {isa = PBXBuildFile; fileRef = 181BE138154F5388000CFB87 /* lstring.cpp */; };
		181BE156154F5388000CFB87 /* lstrlib.cpp in Sources */ = {isa = PBXBuildFile; fileRef = 181BE139154F5388000CFB87 /* lstrlib.cpp */; };
		181BE157154F5388000CFB87 /* ltable.cpp in Sources */ = {isa = PBXBuildFile; fileRef = 181BE13A154F5388000CFB87 /* ltable.cpp */; };
		181BE158154F5388000CFB87 /* ltablib.cpp in Sources */ = {isa = PBXBuildFile; fileRef = 181BE13B154F5388000CFB87 /* ltablib.cpp */; };
		181BE159154F5388000CFB87 /* ltm.cpp in Sources */ = {isa = PBXBuildFile; fileRef = 181BE13C154F5388000CFB87 /* ltm.cpp */; };
		181BE15A154F5388000CFB87 /* lundump.cpp in Sources */ = {isa = PBXBuildFile; fileRef = 181BE13D154F5388000CFB87 /* lundump.cpp */; };
		181BE15B154F5388000CFB87 /* lvm.cpp in Sources */ = {isa = PBXBuildFile; fileRef = 181BE13E154F5388000CFB87 /* lvm.cpp */; };
		181BE15C154F5388000CFB87 /* lzio.cpp in Sources */ = {isa = PBXBuildFile; fileRef = 181BE13F154F5388000CFB87 /* lzio.cpp */; };
		181BE174154F5583000CFB87 /* lapi.h in Headers */ = {isa = PBXBuildFile; fileRef = 181BE15D154F5583000CFB87 /* lapi.h */; settings = {ATTRIBUTES = (Private, ); }; };
		181BE175154F5583000CFB87 /* lauxlib.h in Headers */ = {isa = PBXBuildFile; fileRef = 181BE15E154F5583000CFB87 /* lauxlib.h */; settings = {ATTRIBUTES = (Public, ); }; };
		181BE176154F5583000CFB87 /* lcode.h in Headers */ = {isa = PBXBuildFile; fileRef = 181BE15F154F5583000CFB87 /* lcode.h */; settings = {ATTRIBUTES = (Private, ); }; };
		181BE177154F5583000CFB87 /* ldebug.h in Headers */ = {isa = PBXBuildFile; fileRef = 181BE160154F5583000CFB87 /* ldebug.h */; settings = {ATTRIBUTES = (Private, ); }; };
		181BE178154F5583000CFB87 /* ldo.h in Headers */ = {isa = PBXBuildFile; fileRef = 181BE161154F5583000CFB87 /* ldo.h */; settings = {ATTRIBUTES = (Private, ); }; };
		181BE179154F5583000CFB87 /* lfunc.h in Headers */ = {isa = PBXBuildFile; fileRef = 181BE162154F5583000CFB87 /* lfunc.h */; settings = {ATTRIBUTES = (Private, ); }; };
		181BE17A154F5583000CFB87 /* lgc.h in Headers */ = {isa = PBXBuildFile; fileRef = 181BE163154F5583000CFB87 /* lgc.h */; settings = {ATTRIBUTES = (Private, ); }; };
		181BE17B154F5583000CFB87 /* llex.h in Headers */ = {isa = PBXBuildFile; fileRef = 181BE164154F5583000CFB87 /* llex.h */; settings = {ATTRIBUTES = (Private, ); }; };
		181BE17C154F5583000CFB87 /* llimits.h in Headers */ = {isa = PBXBuildFile; fileRef = 181BE165154F5583000CFB87 /* llimits.h */; settings = {ATTRIBUTES = (Private, ); }; };
		181BE17D154F5583000CFB87 /* lmem.h in Headers */ = {isa = PBXBuildFile; fileRef = 181BE166154F5583000CFB87 /* lmem.h */; settings = {ATTRIBUTES = (Private, ); }; };
		181BE17E154F5583000CFB87 /* lobject.h in Headers */ = {isa = PBXBuildFile; fileRef = 181BE167154F5583000CFB87 /* lobject.h */; settings = {ATTRIBUTES = (Private, ); }; };
		181BE17F154F5583000CFB87 /* lopcodes.h in Headers */ = {isa = PBXBuildFile; fileRef = 181BE168154F5583000CFB87 /* lopcodes.h */; settings = {ATTRIBUTES = (Private, ); }; };
		181BE180154F5583000CFB87 /* lparser.h in Headers */ = {isa = PBXBuildFile; fileRef = 181BE169154F5583000CFB87 /* lparser.h */; settings = {ATTRIBUTES = (Private, ); }; };
		181BE181154F5583000CFB87 /* lstate.h in Headers */ = {isa = PBXBuildFile; fileRef = 181BE16A154F5583000CFB87 /* lstate.h */; settings = {ATTRIBUTES = (Private, ); }; };
		181BE182154F5583000CFB87 /* lstring.h in Headers */ = {isa = PBXBuildFile; fileRef = 181BE16B154F5583000CFB87 /* lstring.h */; settings = {ATTRIBUTES = (Private, ); }; };
		181BE183154F5583000CFB87 /* ltable.h in Headers */ = {isa = PBXBuildFile; fileRef = 181BE16C154F5583000CFB87 /* ltable.h */; settings = {ATTRIBUTES = (Private, ); }; };
		181BE184154F5583000CFB87 /* ltm.h in Headers */ = {isa = PBXBuildFile; fileRef = 181BE16D154F5583000CFB87 /* ltm.h */; settings = {ATTRIBUTES = (Private, ); }; };
		181BE185154F5583000CFB87 /* lua.h in Headers */ = {isa = PBXBuildFile; fileRef = 181BE16E154F5583000CFB87 /* lua.h */; settings = {ATTRIBUTES = (Public, ); }; };
		181BE186154F5583000CFB87 /* luaconf.h in Headers */ = {isa = PBXBuildFile; fileRef = 181BE16F154F5583000CFB87 /* luaconf.h */; settings = {ATTRIBUTES = (Public, ); }; };
		181BE187154F5583000CFB87 /* lualib.h in Headers */ = {isa = PBXBuildFile; fileRef = 181BE170154F5583000CFB87 /* lualib.h */; settings = {ATTRIBUTES = (Public, ); }; };
		181BE188154F5583000CFB87 /* lundump.h in Headers */ = {isa = PBXBuildFile; fileRef = 181BE171154F5583000CFB87 /* lundump.h */; settings = {ATTRIBUTES = (Private, ); }; };
		181BE189154F5583000CFB87 /* lvm.h in Headers */ = {isa = PBXBuildFile; fileRef = 181BE172154F5583000CFB87 /* lvm.h */; settings = {ATTRIBUTES = (Private, ); }; };
		181BE18A154F5583000CFB87 /* lzio.h in Headers */ = {isa = PBXBuildFile; fileRef = 181BE173154F5583000CFB87 /* lzio.h */; settings = {ATTRIBUTES = (Private, ); }; };
/* End PBXBuildFile section */

/* Begin PBXFileReference section */
		181BE113154E78A2000CFB87 /* Lua.framework */ = {isa = PBXFileReference; explicitFileType = wrapper.cfbundle; includeInIndex = 0; path = Lua.framework; sourceTree = BUILT_PRODUCTS_DIR; };
		181BE117154E78A2000CFB87 /* lua_iphone-Info.plist */ = {isa = PBXFileReference; lastKnownFileType = text.plist.xml; path = "lua_iphone-Info.plist"; sourceTree = "<group>"; };
		181BE123154F5388000CFB87 /* lapi.cpp */ = {isa = PBXFileReference; fileEncoding = 4; lastKnownFileType = sourcecode.cpp.cpp; name = lapi.cpp; path = ../../src/lapi.cpp; sourceTree = "<group>"; };
		181BE124154F5388000CFB87 /* lauxlib.cpp */ = {isa = PBXFileReference; fileEncoding = 4; lastKnownFileType = sourcecode.cpp.cpp; name = lauxlib.cpp; path = ../../src/lauxlib.cpp; sourceTree = "<group>"; };
		181BE125154F5388000CFB87 /* lbaselib.cpp */ = {isa = PBXFileReference; fileEncoding = 4; lastKnownFileType = sourcecode.cpp.cpp; name = lbaselib.cpp; path = ../../src/lbaselib.cpp; sourceTree = "<group>"; };
		181BE126154F5388000CFB87 /* lcode.cpp */ = {isa = PBXFileReference; fileEncoding = 4; lastKnownFileType = sourcecode.cpp.cpp; name = lcode.cpp; path = ../../src/lcode.cpp; sourceTree = "<group>"; };
		181BE127154F5388000CFB87 /* ldblib.cpp */ = {isa = PBXFileReference; fileEncoding = 4; lastKnownFileType = sourcecode.cpp.cpp; name = ldblib.cpp; path = ../../src/ldblib.cpp; sourceTree = "<group>"; };
		181BE128154F5388000CFB87 /* ldebug.cpp */ = {isa = PBXFileReference; fileEncoding = 4; lastKnownFileType = sourcecode.cpp.cpp; name = ldebug.cpp; path = ../../src/ldebug.cpp; sourceTree = "<group>"; };
		181BE129154F5388000CFB87 /* ldo.cpp */ = {isa = PBXFileReference; fileEncoding = 4; lastKnownFileType = sourcecode.cpp.cpp; name = ldo.cpp; path = ../../src/ldo.cpp; sourceTree = "<group>"; };
		181BE12A154F5388000CFB87 /* ldump.cpp */ = {isa = PBXFileReference; fileEncoding = 4; lastKnownFileType = sourcecode.cpp.cpp; name = ldump.cpp; path = ../../src/ldump.cpp; sourceTree = "<group>"; };
		181BE12B154F5388000CFB87 /* lfunc.cpp */ = {isa = PBXFileReference; fileEncoding = 4; lastKnownFileType = sourcecode.cpp.cpp; name = lfunc.cpp; path = ../../src/lfunc.cpp; sourceTree = "<group>"; };
		181BE12C154F5388000CFB87 /* lgc.cpp */ = {isa = PBXFileReference; fileEncoding = 4; lastKnownFileType = sourcecode.cpp.cpp; name = lgc.cpp; path = ../../src/lgc.cpp; sourceTree = "<group>"; };
		181BE12D154F5388000CFB87 /* linit.cpp */ = {isa = PBXFileReference; fileEncoding = 4; lastKnownFileType = sourcecode.cpp.cpp; name = linit.cpp; path = ../../src/linit.cpp; sourceTree = "<group>"; };
		181BE12E154F5388000CFB87 /* liolib.cpp */ = {isa = PBXFileReference; fileEncoding = 4; lastKnownFileType = sourcecode.cpp.cpp; name = liolib.cpp; path = ../../src/liolib.cpp; sourceTree = "<group>"; };
		181BE12F154F5388000CFB87 /* llex.cpp */ = {isa = PBXFileReference; fileEncoding = 4; lastKnownFileType = sourcecode.cpp.cpp; name = llex.cpp; path = ../../src/llex.cpp; sourceTree = "<group>"; };
		181BE130154F5388000CFB87 /* lmathlib.cpp */ = {isa = PBXFileReference; fileEncoding = 4; lastKnownFileType = sourcecode.cpp.cpp; name = lmathlib.cpp; path = ../../src/lmathlib.cpp; sourceTree = "<group>"; };
		181BE131154F5388000CFB87 /* lmem.cpp */ = {isa = PBXFileReference; fileEncoding = 4; lastKnownFileType = sourcecode.cpp.cpp; name = lmem.cpp; path = ../../src/lmem.cpp; sourceTree = "<group>"; };
		181BE132154F5388000CFB87 /* loadlib.cpp */ = {isa = PBXFileReference; fileEncoding = 4; lastKnownFileType = sourcecode.cpp.cpp; name = loadlib.cpp; path = ../../src/loadlib.cpp; sourceTree = "<group>"; };
		181BE133154F5388000CFB87 /* lobject.cpp */ = {isa = PBXFileReference; fileEncoding = 4; lastKnownFileType = sourcecode.cpp.cpp; name = lobject.cpp; path = ../../src/lobject.cpp; sourceTree = "<group>"; };
		181BE134154F5388000CFB87 /* lopcodes.cpp */ = {isa = PBXFileReference; fileEncoding = 4; lastKnownFileType = sourcecode.cpp.cpp; name = lopcodes.cpp; path = ../../src/lopcodes.cpp; sourceTree = "<group>"; };
		181BE135154F5388000CFB87 /* loslib.cpp */ = {isa = PBXFileReference; fileEncoding = 4; lastKnownFileType = sourcecode.cpp.cpp; name = loslib.cpp; path = ../../src/loslib.cpp; sourceTree = "<group>"; };
		181BE136154F5388000CFB87 /* lparser.cpp */ = {isa = PBXFileReference; fileEncoding = 4; lastKnownFileType = sourcecode.cpp.cpp; name = lparser.cpp; path = ../../src/lparser.cpp; sourceTree = "<group>"; };
		181BE137154F5388000CFB87 /* lstate.cpp */ = {isa = PBXFileReference; fileEncoding = 4; lastKnownFileType = sourcecode.cpp.cpp; name = lstate.cpp; path = ../../src/lstate.cpp; sourceTree = "<group>"; };
		181BE138154F5388000CFB87 /* lstring.cpp */ = {isa = PBXFileReference; fileEncoding = 4; lastKnownFileType = sourcecode.cpp.cpp; name = lstring.cpp; path = ../../src/lstring.cpp; sourceTree = "<group>"; };
		181BE139154F5388000CFB87 /* lstrlib.cpp */ = {isa = PBXFileReference; fileEncoding = 4; lastKnownFileType = sourcecode.cpp.cpp; name = lstrlib.cpp; path = ../../src/lstrlib.cpp; sourceTree = "<group>"; };
		181BE13A154F5388000CFB87 /* ltable.cpp */ = {isa = PBXFileReference; fileEncoding = 4; lastKnownFileType = sourcecode.cpp.cpp; name = ltable.cpp; path = ../../src/ltable.cpp; sourceTree = "<group>"; };
		181BE13B154F5388000CFB87 /* ltablib.cpp */ = {isa = PBXFileReference; fileEncoding = 4; lastKnownFileType = sourcecode.cpp.cpp; name = ltablib.cpp; path = ../../src/ltablib.cpp; sourceTree = "<group>"; };
		181BE13C154F5388000CFB87 /* ltm.cpp */ = {isa = PBXFileReference; fileEncoding = 4; lastKnownFileType = sourcecode.cpp.cpp; name = ltm.cpp; path = ../../src/ltm.cpp; sourceTree = "<group>"; };
		181BE13D154F5388000CFB87 /* lundump.cpp */ = {isa = PBXFileReference; fileEncoding = 4; lastKnownFileType = sourcecode.cpp.cpp; name = lundump.cpp; path = ../../src/lundump.cpp; sourceTree = "<group>"; };
		181BE13E154F5388000CFB87 /* lvm.cpp */ = {isa = PBXFileReference; fileEncoding = 4; lastKnownFileType = sourcecode.cpp.cpp; name = lvm.cpp; path = ../../src/lvm.cpp; sourceTree = "<group>"; };
		181BE13F154F5388000CFB87 /* lzio.cpp */ = {isa = PBXFileReference; fileEncoding = 4; lastKnownFileType = sourcecode.cpp.cpp; name = lzio.cpp; path = ../../src/lzio.cpp; sourceTree = "<group>"; };
		181BE15D154F5583000CFB87 /* lapi.h */ = {isa = PBXFileReference; fileEncoding = 4; lastKnownFileType = sourcecode.c.h; name = lapi.h; path = ../../include/lapi.h; sourceTree = "<group>"; };
		181BE15E154F5583000CFB87 /* lauxlib.h */ = {isa = PBXFileReference; fileEncoding = 4; lastKnownFileType = sourcecode.c.h; name = lauxlib.h; path = ../../include/lauxlib.h; sourceTree = "<group>"; };
		181BE15F154F5583000CFB87 /* lcode.h */ = {isa = PBXFileReference; fileEncoding = 4; lastKnownFileType = sourcecode.c.h; name = lcode.h; path = ../../include/lcode.h; sourceTree = "<group>"; };
		181BE160154F5583000CFB87 /* ldebug.h */ = {isa = PBXFileReference; fileEncoding = 4; lastKnownFileType = sourcecode.c.h; name = ldebug.h; path = ../../include/ldebug.h; sourceTree = "<group>"; };
		181BE161154F5583000CFB87 /* ldo.h */ = {isa = PBXFileReference; fileEncoding = 4; lastKnownFileType = sourcecode.c.h; name = ldo.h; path = ../../include/ldo.h; sourceTree = "<group>"; };
		181BE162154F5583000CFB87 /* lfunc.h */ = {isa = PBXFileReference; fileEncoding = 4; lastKnownFileType = sourcecode.c.h; name = lfunc.h; path = ../../include/lfunc.h; sourceTree = "<group>"; };
		181BE163154F5583000CFB87 /* lgc.h */ = {isa = PBXFileReference; fileEncoding = 4; lastKnownFileType = sourcecode.c.h; name = lgc.h; path = ../../include/lgc.h; sourceTree = "<group>"; };
		181BE164154F5583000CFB87 /* llex.h */ = {isa = PBXFileReference; fileEncoding = 4; lastKnownFileType = sourcecode.c.h; name = llex.h; path = ../../include/llex.h; sourceTree = "<group>"; };
		181BE165154F5583000CFB87 /* llimits.h */ = {isa = PBXFileReference; fileEncoding = 4; lastKnownFileType = sourcecode.c.h; name = llimits.h; path = ../../include/llimits.h; sourceTree = "<group>"; };
		181BE166154F5583000CFB87 /* lmem.h */ = {isa = PBXFileReference; fileEncoding = 4; lastKnownFileType = sourcecode.c.h; name = lmem.h; path = ../../include/lmem.h; sourceTree = "<group>"; };
		181BE167154F5583000CFB87 /* lobject.h */ = {isa = PBXFileReference; fileEncoding = 4; lastKnownFileType = sourcecode.c.h; name = lobject.h; path = ../../include/lobject.h; sourceTree = "<group>"; };
		181BE168154F5583000CFB87 /* lopcodes.h */ = {isa = PBXFileReference; fileEncoding = 4; lastKnownFileType = sourcecode.c.h; name = lopcodes.h; path = ../../include/lopcodes.h; sourceTree = "<group>"; };
		181BE169154F5583000CFB87 /* lparser.h */ = {isa = PBXFileReference; fileEncoding = 4; lastKnownFileType = sourcecode.c.h; name = lparser.h; path = ../../include/lparser.h; sourceTree = "<group>"; };
		181BE16A154F5583000CFB87 /* lstate.h */ = {isa = PBXFileReference; fileEncoding = 4; lastKnownFileType = sourcecode.c.h; name = lstate.h; path = ../../include/lstate.h; sourceTree = "<group>"; };
		181BE16B154F5583000CFB87 /* lstring.h */ = {isa = PBXFileReference; fileEncoding = 4; lastKnownFileType = sourcecode.c.h; name = lstring.h; path = ../../include/lstring.h; sourceTree = "<group>"; };
		181BE16C154F5583000CFB87 /* ltable.h */ = {isa = PBXFileReference; fileEncoding = 4; lastKnownFileType = sourcecode.c.h; name = ltable.h; path = ../../include/ltable.h; sourceTree = "<group>"; };
		181BE16D154F5583000CFB87 /* ltm.h */ = {isa = PBXFileReference; fileEncoding = 4; lastKnownFileType = sourcecode.c.h; name = ltm.h; path = ../../include/ltm.h; sourceTree = "<group>"; };
		181BE16E154F5583000CFB87 /* lua.h */ = {isa = PBXFileReference; fileEncoding = 4; lastKnownFileType = sourcecode.c.h; name = lua.h; path = ../../include/lua.h; sourceTree = "<group>"; };
		181BE16F154F5583000CFB87 /* luaconf.h */ = {isa = PBXFileReference; fileEncoding = 4; lastKnownFileType = sourcecode.c.h; name = luaconf.h; path = ../../include/luaconf.h; sourceTree = "<group>"; };
		181BE170154F5583000CFB87 /* lualib.h */ = {isa = PBXFileReference; fileEncoding = 4; lastKnownFileType = sourcecode.c.h; name = lualib.h; path = ../../include/lualib.h; sourceTree = "<group>"; };
		181BE171154F5583000CFB87 /* lundump.h */ = {isa = PBXFileReference; fileEncoding = 4; lastKnownFileType = sourcecode.c.h; name = lundump.h; path = ../../include/lundump.h; sourceTree = "<group>"; };
		181BE172154F5583000CFB87 /* lvm.h */ = {isa = PBXFileReference; fileEncoding = 4; lastKnownFileType = sourcecode.c.h; name = lvm.h; path = ../../include/lvm.h; sourceTree = "<group>"; };
		181BE173154F5583000CFB87 /* lzio.h */ = {isa = PBXFileReference; fileEncoding = 4; lastKnownFileType = sourcecode.c.h; name = lzio.h; path = ../../include/lzio.h; sourceTree = "<group>"; };
/* End PBXFileReference section */

/* Begin PBXFrameworksBuildPhase section */
		181BE10D154E78A2000CFB87 /* Frameworks */ = {
			isa = PBXFrameworksBuildPhase;
			buildActionMask = 2147483647;
			files = (
			);
			runOnlyForDeploymentPostprocessing = 0;
		};
/* End PBXFrameworksBuildPhase section */

/* Begin PBXGroup section */
		181BE104154E78A2000CFB87 = {
			isa = PBXGroup;
			children = (
				181BE115154E78A2000CFB87 /* lua_iphone */,
				181BE114154E78A2000CFB87 /* Products */,
			);
			sourceTree = "<group>";
		};
		181BE114154E78A2000CFB87 /* Products */ = {
			isa = PBXGroup;
			children = (
				181BE113154E78A2000CFB87 /* Lua.framework */,
			);
			name = Products;
			sourceTree = "<group>";
		};
		181BE115154E78A2000CFB87 /* lua_iphone */ = {
			isa = PBXGroup;
			children = (
				181BE122154E79B9000CFB87 /* include */,
				181BE121154E79A8000CFB87 /* src */,
				181BE116154E78A2000CFB87 /* Supporting Files */,
			);
			path = lua_iphone;
			sourceTree = "<group>";
		};
		181BE116154E78A2000CFB87 /* Supporting Files */ = {
			isa = PBXGroup;
			children = (
				181BE117154E78A2000CFB87 /* lua_iphone-Info.plist */,
			);
			name = "Supporting Files";
			sourceTree = "<group>";
		};
		181BE121154E79A8000CFB87 /* src */ = {
			isa = PBXGroup;
			children = (
				181BE123154F5388000CFB87 /* lapi.cpp */,
				181BE124154F5388000CFB87 /* lauxlib.cpp */,
				181BE125154F5388000CFB87 /* lbaselib.cpp */,
				181BE126154F5388000CFB87 /* lcode.cpp */,
				181BE127154F5388000CFB87 /* ldblib.cpp */,
				181BE128154F5388000CFB87 /* ldebug.cpp */,
				181BE129154F5388000CFB87 /* ldo.cpp */,
				181BE12A154F5388000CFB87 /* ldump.cpp */,
				181BE12B154F5388000CFB87 /* lfunc.cpp */,
				181BE12C154F5388000CFB87 /* lgc.cpp */,
				181BE12D154F5388000CFB87 /* linit.cpp */,
				181BE12E154F5388000CFB87 /* liolib.cpp */,
				181BE12F154F5388000CFB87 /* llex.cpp */,
				181BE130154F5388000CFB87 /* lmathlib.cpp */,
				181BE131154F5388000CFB87 /* lmem.cpp */,
				181BE132154F5388000CFB87 /* loadlib.cpp */,
				181BE133154F5388000CFB87 /* lobject.cpp */,
				181BE134154F5388000CFB87 /* lopcodes.cpp */,
				181BE135154F5388000CFB87 /* loslib.cpp */,
				181BE136154F5388000CFB87 /* lparser.cpp */,
				181BE137154F5388000CFB87 /* lstate.cpp */,
				181BE138154F5388000CFB87 /* lstring.cpp */,
				181BE139154F5388000CFB87 /* lstrlib.cpp */,
				181BE13A154F5388000CFB87 /* ltable.cpp */,
				181BE13B154F5388000CFB87 /* ltablib.cpp */,
				181BE13C154F5388000CFB87 /* ltm.cpp */,
				181BE13D154F5388000CFB87 /* lundump.cpp */,
				181BE13E154F5388000CFB87 /* lvm.cpp */,
				181BE13F154F5388000CFB87 /* lzio.cpp */,
			);
			name = src;
			sourceTree = "<group>";
		};
		181BE122154E79B9000CFB87 /* include */ = {
			isa = PBXGroup;
			children = (
				181BE15D154F5583000CFB87 /* lapi.h */,
				181BE15E154F5583000CFB87 /* lauxlib.h */,
				181BE15F154F5583000CFB87 /* lcode.h */,
				181BE160154F5583000CFB87 /* ldebug.h */,
				181BE161154F5583000CFB87 /* ldo.h */,
				181BE162154F5583000CFB87 /* lfunc.h */,
				181BE163154F5583000CFB87 /* lgc.h */,
				181BE164154F5583000CFB87 /* llex.h */,
				181BE165154F5583000CFB87 /* llimits.h */,
				181BE166154F5583000CFB87 /* lmem.h */,
				181BE167154F5583000CFB87 /* lobject.h */,
				181BE168154F5583000CFB87 /* lopcodes.h */,
				181BE169154F5583000CFB87 /* lparser.h */,
				181BE16A154F5583000CFB87 /* lstate.h */,
				181BE16B154F5583000CFB87 /* lstring.h */,
				181BE16C154F5583000CFB87 /* ltable.h */,
				181BE16D154F5583000CFB87 /* ltm.h */,
				181BE16E154F5583000CFB87 /* lua.h */,
				181BE16F154F5583000CFB87 /* luaconf.h */,
				181BE170154F5583000CFB87 /* lualib.h */,
				181BE171154F5583000CFB87 /* lundump.h */,
				181BE172154F5583000CFB87 /* lvm.h */,
				181BE173154F5583000CFB87 /* lzio.h */,
			);
			name = include;
			sourceTree = "<group>";
		};
/* End PBXGroup section */

/* Begin PBXHeadersBuildPhase section */
		181BE10E154E78A2000CFB87 /* Headers */ = {
			isa = PBXHeadersBuildPhase;
			buildActionMask = 2147483647;
			files = (
				181BE186154F5583000CFB87 /* luaconf.h in Headers */,
				181BE185154F5583000CFB87 /* lua.h in Headers */,
				181BE187154F5583000CFB87 /* lualib.h in Headers */,
				181BE175154F5583000CFB87 /* lauxlib.h in Headers */,
				181BE174154F5583000CFB87 /* lapi.h in Headers */,
				181BE176154F5583000CFB87 /* lcode.h in Headers */,
				181BE177154F5583000CFB87 /* ldebug.h in Headers */,
				181BE178154F5583000CFB87 /* ldo.h in Headers */,
				181BE179154F5583000CFB87 /* lfunc.h in Headers */,
				181BE17A154F5583000CFB87 /* lgc.h in Headers */,
				181BE17B154F5583000CFB87 /* llex.h in Headers */,
				181BE17C154F5583000CFB87 /* llimits.h in Headers */,
				181BE17D154F5583000CFB87 /* lmem.h in Headers */,
				181BE17E154F5583000CFB87 /* lobject.h in Headers */,
				181BE17F154F5583000CFB87 /* lopcodes.h in Headers */,
				181BE180154F5583000CFB87 /* lparser.h in Headers */,
				181BE181154F5583000CFB87 /* lstate.h in Headers */,
				181BE182154F5583000CFB87 /* lstring.h in Headers */,
				181BE183154F5583000CFB87 /* ltable.h in Headers */,
				181BE184154F5583000CFB87 /* ltm.h in Headers */,
				181BE188154F5583000CFB87 /* lundump.h in Headers */,
				181BE189154F5583000CFB87 /* lvm.h in Headers */,
				181BE18A154F5583000CFB87 /* lzio.h in Headers */,
			);
			runOnlyForDeploymentPostprocessing = 0;
		};
/* End PBXHeadersBuildPhase section */

/* Begin PBXNativeTarget section */
		181BE112154E78A2000CFB87 /* Lua */ = {
			isa = PBXNativeTarget;
			buildConfigurationList = 181BE11E154E78A2000CFB87 /* Build configuration list for PBXNativeTarget "Lua" */;
			buildPhases = (
				186216C61562FA31004742DD /* ShellScript */,
				181BE10B154E78A2000CFB87 /* ShellScript */,
				181BE10C154E78A2000CFB87 /* Sources */,
				181BE10D154E78A2000CFB87 /* Frameworks */,
				181BE10E154E78A2000CFB87 /* Headers */,
				181BE10F154E78A2000CFB87 /* Resources */,
				181BE110154E78A2000CFB87 /* ShellScript */,
				181BE111154E78A2000CFB87 /* ShellScript */,
				18169A941562EE760059D62B /* ShellScript */,
			);
			buildRules = (
			);
			dependencies = (
			);
			name = Lua;
			productName = lua_iphone;
			productReference = 181BE113154E78A2000CFB87 /* Lua.framework */;
			productType = "com.apple.product-type.bundle";
		};
/* End PBXNativeTarget section */

/* Begin PBXProject section */
		181BE106154E78A2000CFB87 /* Project object */ = {
			isa = PBXProject;
			attributes = {
				LastUpgradeCheck = 0420;
			};
			buildConfigurationList = 181BE109154E78A2000CFB87 /* Build configuration list for PBXProject "lua_iphone" */;
			compatibilityVersion = "Xcode 3.2";
			developmentRegion = English;
			hasScannedForEncodings = 0;
			knownRegions = (
				en,
			);
			mainGroup = 181BE104154E78A2000CFB87;
			productRefGroup = 181BE114154E78A2000CFB87 /* Products */;
			projectDirPath = "";
			projectRoot = "";
			targets = (
				181BE112154E78A2000CFB87 /* Lua */,
			);
		};
/* End PBXProject section */

/* Begin PBXResourcesBuildPhase section */
		181BE10F154E78A2000CFB87 /* Resources */ = {
			isa = PBXResourcesBuildPhase;
			buildActionMask = 2147483647;
			files = (
			);
			runOnlyForDeploymentPostprocessing = 0;
		};
/* End PBXResourcesBuildPhase section */

/* Begin PBXShellScriptBuildPhase section */
		18169A941562EE760059D62B /* ShellScript */ = {
			isa = PBXShellScriptBuildPhase;
			buildActionMask = 2147483647;
			files = (
			);
			inputPaths = (
			);
			outputPaths = (
			);
			runOnlyForDeploymentPostprocessing = 0;
			shellPath = /bin/sh;
			shellScript = "echo osascript -e 'do shell script \"cp -fa \\\"${TARGET_BUILD_DIR}/${FULL_PRODUCT_NAME}\\\" \\\"${SDK_DIR}${SYSTEM_LIBRARY_DIR}/Frameworks\\\"\" with administrator privileges'\nosascript -e 'do shell script \"cp -fa \\\"${TARGET_BUILD_DIR}/${FULL_PRODUCT_NAME}\\\" \\\"${SDK_DIR}${SYSTEM_LIBRARY_DIR}/Frameworks\\\"\" with administrator privileges'\n";
		};
		181BE10B154E78A2000CFB87 /* ShellScript */ = {
			isa = PBXShellScriptBuildPhase;
			buildActionMask = 2147483647;
			files = (
			);
			inputPaths = (
			);
			outputPaths = (
			);
			runOnlyForDeploymentPostprocessing = 0;
			shellPath = /bin/sh;
			shellScript = "set -e\n\nset +u\nif [[ $UFW_MASTER_SCRIPT_RUNNING ]]\nthen\n    # Nothing for the slave script to do\n    exit 0\nfi\nset -u\n\nif [[ \"$SDK_NAME\" =~ ([A-Za-z]+) ]]\nthen\n    UFW_SDK_PLATFORM=${BASH_REMATCH[1]}\nelse\n    echo \"Could not find platform name from SDK_NAME: $SDK_NAME\"\n    exit 1\nfi\n\nif [[ \"$SDK_NAME\" =~ ([0-9]+.*$) ]]\nthen\n\tUFW_SDK_VERSION=${BASH_REMATCH[1]}\nelse\n    echo \"Could not find sdk version  from SDK_NAME: $SDK_NAME\"\n    exit 1\nfi\n\nif [[ \"$UFW_SDK_PLATFORM\" = \"iphoneos\" ]]\nthen\n    UFW_OTHER_PLATFORM=iphonesimulator\nelse\n    UFW_OTHER_PLATFORM=iphoneos\nfi\n\nif [[ \"$BUILT_PRODUCTS_DIR\" =~ (.*)$UFW_SDK_PLATFORM$ ]]\nthen\n    UFW_OTHER_BUILT_PRODUCTS_DIR=\"${BASH_REMATCH[1]}${UFW_OTHER_PLATFORM}\"\nelse\n    echo \"Could not find $UFW_SDK_PLATFORM in $BUILT_PRODUCTS_DIR\"\n    exit 1\nfi\n\n\n# Short-circuit if all binaries are up to date\n\nif [[ -f \"${BUILT_PRODUCTS_DIR}/${EXECUTABLE_PATH}\" ]] && \\\n   [[ -f \"${BUILT_PRODUCTS_DIR}/${PRODUCT_NAME}.embeddedframework/${EXECUTABLE_PATH}\" ]] && \\\n   [[ ! \"${BUILT_PRODUCTS_DIR}/${EXECUTABLE_PATH}\" -nt \"${BUILT_PRODUCTS_DIR}/${PRODUCT_NAME}.embeddedframework/${EXECUTABLE_PATH}\" ]]\n   [[ -f \"${UFW_OTHER_BUILT_PRODUCTS_DIR}/${EXECUTABLE_PATH}\" ]] && \\\n   [[ -f \"${UFW_OTHER_BUILT_PRODUCTS_DIR}/${PRODUCT_NAME}.embeddedframework/${EXECUTABLE_PATH}\" ]] && \\\n   [[ ! \"${UFW_OTHER_BUILT_PRODUCTS_DIR}/${EXECUTABLE_PATH}\" -nt \"${UFW_OTHER_BUILT_PRODUCTS_DIR}/${PRODUCT_NAME}.embeddedframework/${EXECUTABLE_PATH}\" ]]\nthen\n    exit 0\nfi\n\n\n# Clean other platform if needed\n\nif [[ ! -f \"${BUILT_PRODUCTS_DIR}/${EXECUTABLE_PATH}\" ]]\nthen\n\techo \"Platform \\\"$UFW_SDK_PLATFORM\\\" was cleaned recently. Cleaning \\\"$UFW_OTHER_PLATFORM\\\" as well\"\n\techo xcodebuild -project \"${PROJECT_FILE_PATH}\" -target \"${TARGET_NAME}\" -configuration \"${CONFIGURATION}\" -sdk ${UFW_OTHER_PLATFORM}${UFW_SDK_VERSION} BUILD_DIR=\"${BUILD_DIR}\" CONFIGURATION_TEMP_DIR=\"${PROJECT_TEMP_DIR}/${CONFIGURATION}-${UFW_OTHER_PLATFORM}\" clean\n\txcodebuild -project \"${PROJECT_FILE_PATH}\" -target \"${TARGET_NAME}\" -configuration \"${CONFIGURATION}\" -sdk ${UFW_OTHER_PLATFORM}${UFW_SDK_VERSION} BUILD_DIR=\"${BUILD_DIR}\" CONFIGURATION_TEMP_DIR=\"${PROJECT_TEMP_DIR}/${CONFIGURATION}-${UFW_OTHER_PLATFORM}\" clean\nfi\n\n\n# Make sure we are building from fresh binaries\n\nrm -rf \"${BUILT_PRODUCTS_DIR}/${EXECUTABLE_PATH}\"\nrm -rf \"${BUILT_PRODUCTS_DIR}/${PRODUCT_NAME}.embeddedframework\"\nrm -rf \"${UFW_OTHER_BUILT_PRODUCTS_DIR}/${EXECUTABLE_PATH}\"\nrm -rf \"${UFW_OTHER_BUILT_PRODUCTS_DIR}/${PRODUCT_NAME}.embeddedframework\"\n\n\n";
		};
		181BE110154E78A2000CFB87 /* ShellScript */ = {
			isa = PBXShellScriptBuildPhase;
			buildActionMask = 2147483647;
			files = (
			);
			inputPaths = (
			);
			outputPaths = (
			);
			runOnlyForDeploymentPostprocessing = 0;
			shellPath = /bin/sh;
			shellScript = "HEADERS_ROOT=$SRCROOT/$PRODUCT_NAME\nFRAMEWORK_HEADERS_DIR=\"$BUILT_PRODUCTS_DIR/$WRAPPER_NAME/Versions/$FRAMEWORK_VERSION/Headers\"\n\n## only header files expected at this point\nPUBLIC_HEADERS=$(find $FRAMEWORK_HEADERS_DIR/. -not -type d 2> /dev/null | sed -e \"s@.*/@@g\")\n\nFIND_OPTS=\"\"\nfor PUBLIC_HEADER in $PUBLIC_HEADERS; do\n  if [ -n \"$FIND_OPTS\" ]; then\n    FIND_OPTS=\"$FIND_OPTS -o\"\n  fi\n  FIND_OPTS=\"$FIND_OPTS -name '$PUBLIC_HEADER'\"\ndone\n\nif [ -n \"$FIND_OPTS\" ]; then\n  for ORIG_HEADER in $(eval \"find $HEADERS_ROOT/. $FIND_OPTS\" 2> /dev/null | sed -e \"s@^$HEADERS_ROOT/./@@g\"); do\n    PUBLIC_HEADER=$(basename $ORIG_HEADER)\n    RELATIVE_PATH=$(dirname $ORIG_HEADER)\n    if [ -e $FRAMEWORK_HEADERS_DIR/$PUBLIC_HEADER ]; then\n      mkdir -p \"$FRAMEWORK_HEADERS_DIR/$RELATIVE_PATH\"\n      mv \"$FRAMEWORK_HEADERS_DIR/$PUBLIC_HEADER\" \"$FRAMEWORK_HEADERS_DIR/$RELATIVE_PATH/$PUBLIC_HEADER\"\n    fi\n  done\nfi\n\n\n";
		};
		181BE111154E78A2000CFB87 /* ShellScript */ = {
			isa = PBXShellScriptBuildPhase;
			buildActionMask = 2147483647;
			files = (
			);
			inputPaths = (
			);
			outputPaths = (
			);
			runOnlyForDeploymentPostprocessing = 0;
			shellPath = /bin/sh;
			shellScript = "set -e\n\nset +u\nif [[ $UFW_MASTER_SCRIPT_RUNNING ]]\nthen\n    # Nothing for the slave script to do\n    exit 0\nfi\nset -u\nexport UFW_MASTER_SCRIPT_RUNNING=1\n\n\n# Functions\n\n## List files in the specified directory, storing to the specified array.\n#\n# @param $1 The path to list\n# @param $2 The name of the array to fill\n#\n##\nlist_files ()\n{\n    filelist=$(ls \"$1\")\n    while read line\n    do\n        eval \"$2[\\${#$2[*]}]=\\\"\\$line\\\"\"\n    done <<< \"$filelist\"\n}\n\n\n# Sanity check\n\nif [[ ! -f \"${BUILT_PRODUCTS_DIR}/${EXECUTABLE_PATH}\" ]]\nthen\n    echo \"Framework target \\\"${TARGET_NAME}\\\" had no source files to build from. Make sure your source files have the correct target membership\"\n    exit 1\nfi\n\n\n# Gather information\n\nif [[ \"$SDK_NAME\" =~ ([A-Za-z]+) ]]\nthen\n    UFW_SDK_PLATFORM=${BASH_REMATCH[1]}\nelse\n    echo \"Could not find platform name from SDK_NAME: $SDK_NAME\"\n    exit 1\nfi\n\nif [[ \"$SDK_NAME\" =~ ([0-9]+.*$) ]]\nthen\n    UFW_SDK_VERSION=${BASH_REMATCH[1]}\nelse\n    echo \"Could not find sdk version from SDK_NAME: $SDK_NAME\"\n    exit 1\nfi\n\nif [[ \"$UFW_SDK_PLATFORM\" = \"iphoneos\" ]]\nthen\n    UFW_OTHER_PLATFORM=iphonesimulator\nelse\n    UFW_OTHER_PLATFORM=iphoneos\nfi\n\nif [[ \"$BUILT_PRODUCTS_DIR\" =~ (.*)$UFW_SDK_PLATFORM$ ]]\nthen\n    UFW_OTHER_BUILT_PRODUCTS_DIR=\"${BASH_REMATCH[1]}${UFW_OTHER_PLATFORM}\"\nelse\n    echo \"Could not find $UFW_SDK_PLATFORM in $BUILT_PRODUCTS_DIR\"\n    exit 1\nfi\n\n\n# Short-circuit if all binaries are up to date.\n# We already checked the other platform in the prerun script.\n\nif [[ -f \"${BUILT_PRODUCTS_DIR}/${EXECUTABLE_PATH}\" ]] && [[ -f \"${BUILT_PRODUCTS_DIR}/${PRODUCT_NAME}.embeddedframework/${EXECUTABLE_PATH}\" ]] && [[ ! \"${BUILT_PRODUCTS_DIR}/${EXECUTABLE_PATH}\" -nt \"${BUILT_PRODUCTS_DIR}/${PRODUCT_NAME}.embeddedframework/${EXECUTABLE_PATH}\" ]]\nthen\n    exit 0\nfi\n\n\n# Make sure the other platform gets built\n\necho \"Build other platform\"\n\necho xcodebuild -project \"${PROJECT_FILE_PATH}\" -target \"${TARGET_NAME}\" -configuration \"${CONFIGURATION}\" -sdk ${UFW_OTHER_PLATFORM}${UFW_SDK_VERSION} BUILD_DIR=\"${BUILD_DIR}\" CONFIGURATION_TEMP_DIR=\"${PROJECT_TEMP_DIR}/${CONFIGURATION}-${UFW_OTHER_PLATFORM}\" $ACTION\nxcodebuild -project \"${PROJECT_FILE_PATH}\" -target \"${TARGET_NAME}\" -configuration \"${CONFIGURATION}\" -sdk ${UFW_OTHER_PLATFORM}${UFW_SDK_VERSION} BUILD_DIR=\"${BUILD_DIR}\" CONFIGURATION_TEMP_DIR=\"${PROJECT_TEMP_DIR}/${CONFIGURATION}-${UFW_OTHER_PLATFORM}\" $ACTION\n\n\n# Build the fat static library binary\n\necho \"Create universal static library\"\n\necho \"$PLATFORM_DEVELOPER_BIN_DIR/libtool\" -static \"${BUILT_PRODUCTS_DIR}/${EXECUTABLE_PATH}\" \"${UFW_OTHER_BUILT_PRODUCTS_DIR}/${EXECUTABLE_PATH}\" -o \"${BUILT_PRODUCTS_DIR}/${EXECUTABLE_PATH}.temp\"\n\"$PLATFORM_DEVELOPER_BIN_DIR/libtool\" -static \"${BUILT_PRODUCTS_DIR}/${EXECUTABLE_PATH}\" \"${UFW_OTHER_BUILT_PRODUCTS_DIR}/${EXECUTABLE_PATH}\" -o \"${BUILT_PRODUCTS_DIR}/${EXECUTABLE_PATH}.temp\"\n\necho mv \"${BUILT_PRODUCTS_DIR}/${EXECUTABLE_PATH}.temp\" \"${BUILT_PRODUCTS_DIR}/${EXECUTABLE_PATH}\"\nmv \"${BUILT_PRODUCTS_DIR}/${EXECUTABLE_PATH}.temp\" \"${BUILT_PRODUCTS_DIR}/${EXECUTABLE_PATH}\"\n\n\n# Build framework structure\n\necho \"Build symlinks\"\n\necho ln -sfh A \"${BUILT_PRODUCTS_DIR}/${WRAPPER_NAME}/Versions/Current\"\nln -sfh A \"${BUILT_PRODUCTS_DIR}/${WRAPPER_NAME}/Versions/Current\"\necho ln -sfh Versions/Current/Headers \"${BUILT_PRODUCTS_DIR}/${WRAPPER_NAME}/Headers\"\nln -sfh Versions/Current/Headers \"${BUILT_PRODUCTS_DIR}/${WRAPPER_NAME}/Headers\"\necho ln -sfh Versions/Current/Resources \"${BUILT_PRODUCTS_DIR}/${WRAPPER_NAME}/Resources\"\nln -sfh Versions/Current/Resources \"${BUILT_PRODUCTS_DIR}/${WRAPPER_NAME}/Resources\"\necho ln -sfh \"Versions/Current/${EXECUTABLE_NAME}\" \"${BUILT_PRODUCTS_DIR}/${WRAPPER_NAME}/${EXECUTABLE_NAME}\"\nln -sfh \"Versions/Current/${EXECUTABLE_NAME}\" \"${BUILT_PRODUCTS_DIR}/${WRAPPER_NAME}/${EXECUTABLE_NAME}\"\n\n\n# Link to binary for unit tests\n\nmkdir -p \"${BUILT_PRODUCTS_DIR}/.fake_fw_testing.framework\"\nln -sfh \"../${WRAPPER_NAME}/${EXECUTABLE_NAME}\" \"${BUILT_PRODUCTS_DIR}/.fake_fw_testing.framework/.fake_fw_testing\"\n\n\n# Build embedded framework structure\n\necho \"Build Embedded Framework\"\n\necho rm -rf \"${BUILT_PRODUCTS_DIR}/${PRODUCT_NAME}.embeddedframework\"\nrm -rf \"${BUILT_PRODUCTS_DIR}/${PRODUCT_NAME}.embeddedframework\"\necho mkdir -p \"${BUILT_PRODUCTS_DIR}/${PRODUCT_NAME}.embeddedframework/Resources\"\nmkdir -p \"${BUILT_PRODUCTS_DIR}/${PRODUCT_NAME}.embeddedframework/Resources\"\necho cp -a \"${BUILT_PRODUCTS_DIR}/${WRAPPER_NAME}\" \"${BUILT_PRODUCTS_DIR}/${PRODUCT_NAME}.embeddedframework/\"\ncp -a \"${BUILT_PRODUCTS_DIR}/${WRAPPER_NAME}\" \"${BUILT_PRODUCTS_DIR}/${PRODUCT_NAME}.embeddedframework/\"\n\ndeclare -a UFW_FILE_LIST\nlist_files \"${BUILT_PRODUCTS_DIR}/${UNLOCALIZED_RESOURCES_FOLDER_PATH}\" UFW_FILE_LIST\nfor filename in \"${UFW_FILE_LIST[@]}\"\ndo\n    if [[ \"${filename}\" != \"Info.plist\" ]] && [[ ! \"${filename}\" =~ .*\\.lproj$ ]]\n    then\n        echo ln -sfh \"../${WRAPPER_NAME}/Resources/${filename}\" \"${BUILT_PRODUCTS_DIR}/${PRODUCT_NAME}.embeddedframework/Resources/${filename}\"\n        ln -sfh \"../${WRAPPER_NAME}/Resources/${filename}\" \"${BUILT_PRODUCTS_DIR}/${PRODUCT_NAME}.embeddedframework/Resources/${filename}\"\n    fi\ndone\n\n\n# Replace other platform's framework with a copy of this one (so that both have the same universal binary)\n\necho \"Copy from $UFW_SDK_PLATFORM to $UFW_OTHER_PLATFORM\"\n\necho rm -rf \"${BUILD_DIR}/${CONFIGURATION}-${UFW_OTHER_PLATFORM}\"\nrm -rf \"${BUILD_DIR}/${CONFIGURATION}-${UFW_OTHER_PLATFORM}\"\necho cp -a \"${BUILD_DIR}/${CONFIGURATION}-${UFW_SDK_PLATFORM}\" \"${BUILD_DIR}/${CONFIGURATION}-${UFW_OTHER_PLATFORM}\"\ncp -a \"${BUILD_DIR}/${CONFIGURATION}-${UFW_SDK_PLATFORM}\" \"${BUILD_DIR}/${CONFIGURATION}-${UFW_OTHER_PLATFORM}\"\n\n\n";
		};
		186216C61562FA31004742DD /* ShellScript */ = {
			isa = PBXShellScriptBuildPhase;
			buildActionMask = 2147483647;
			files = (
			);
			inputPaths = (
			);
			outputPaths = (
			);
			runOnlyForDeploymentPostprocessing = 0;
			shellPath = /bin/sh;
			shellScript = "echo osascript -e 'do shell script \"rm -rf \\\"${SDK_DIR}${SYSTEM_LIBRARY_DIR}/Frameworks/${FULL_PRODUCT_NAME}\\\"\" with administrator privileges'\nosascript -e 'do shell script \"rm -rf \\\"${SDK_DIR}${SYSTEM_LIBRARY_DIR}/Frameworks/${FULL_PRODUCT_NAME}\\\"\" with administrator privileges'";
		};
/* End PBXShellScriptBuildPhase section */

/* Begin PBXSourcesBuildPhase section */
		181BE10C154E78A2000CFB87 /* Sources */ = {
			isa = PBXSourcesBuildPhase;
			buildActionMask = 2147483647;
			files = (
				181BE140154F5388000CFB87 /* lapi.cpp in Sources */,
				181BE141154F5388000CFB87 /* lauxlib.cpp in Sources */,
				181BE142154F5388000CFB87 /* lbaselib.cpp in Sources */,
				181BE143154F5388000CFB87 /* lcode.cpp in Sources */,
				181BE144154F5388000CFB87 /* ldblib.cpp in Sources */,
				181BE145154F5388000CFB87 /* ldebug.cpp in Sources */,
				181BE146154F5388000CFB87 /* ldo.cpp in Sources */,
				181BE147154F5388000CFB87 /* ldump.cpp in Sources */,
				181BE148154F5388000CFB87 /* lfunc.cpp in Sources */,
				181BE149154F5388000CFB87 /* lgc.cpp in Sources */,
				181BE14A154F5388000CFB87 /* linit.cpp in Sources */,
				181BE14B154F5388000CFB87 /* liolib.cpp in Sources */,
				181BE14C154F5388000CFB87 /* llex.cpp in Sources */,
				181BE14D154F5388000CFB87 /* lmathlib.cpp in Sources */,
				181BE14E154F5388000CFB87 /* lmem.cpp in Sources */,
				181BE14F154F5388000CFB87 /* loadlib.cpp in Sources */,
				181BE150154F5388000CFB87 /* lobject.cpp in Sources */,
				181BE151154F5388000CFB87 /* lopcodes.cpp in Sources */,
				181BE152154F5388000CFB87 /* loslib.cpp in Sources */,
				181BE153154F5388000CFB87 /* lparser.cpp in Sources */,
				181BE154154F5388000CFB87 /* lstate.cpp in Sources */,
				181BE155154F5388000CFB87 /* lstring.cpp in Sources */,
				181BE156154F5388000CFB87 /* lstrlib.cpp in Sources */,
				181BE157154F5388000CFB87 /* ltable.cpp in Sources */,
				181BE158154F5388000CFB87 /* ltablib.cpp in Sources */,
				181BE159154F5388000CFB87 /* ltm.cpp in Sources */,
				181BE15A154F5388000CFB87 /* lundump.cpp in Sources */,
				181BE15B154F5388000CFB87 /* lvm.cpp in Sources */,
				181BE15C154F5388000CFB87 /* lzio.cpp in Sources */,
			);
			runOnlyForDeploymentPostprocessing = 0;
		};
/* End PBXSourcesBuildPhase section */

/* Begin XCBuildConfiguration section */
		181BE11C154E78A2000CFB87 /* Debug */ = {
			isa = XCBuildConfiguration;
			buildSettings = {
				ALWAYS_SEARCH_USER_PATHS = NO;
				ARCHS = "$(ARCHS_STANDARD_32_BIT)";
				COPY_PHASE_STRIP = NO;
				FRAMEWORK_SEARCH_PATHS = "$(SRCROOT)/../include";
				GCC_C_LANGUAGE_STANDARD = gnu99;
				GCC_DYNAMIC_NO_PIC = NO;
				GCC_OPTIMIZATION_LEVEL = 0;
				GCC_PREPROCESSOR_DEFINITIONS = (
					"DEBUG=1",
					"$(inherited)",
				);
				GCC_SYMBOLS_PRIVATE_EXTERN = NO;
				GCC_VERSION = com.apple.compilers.llvm.clang.1_0;
				GCC_WARN_ABOUT_MISSING_PROTOTYPES = YES;
				GCC_WARN_ABOUT_RETURN_TYPE = YES;
				GCC_WARN_UNUSED_VARIABLE = YES;
				IPHONEOS_DEPLOYMENT_TARGET = 5.0;
				SDKROOT = iphoneos;
			};
			name = Debug;
		};
		181BE11D154E78A2000CFB87 /* Release */ = {
			isa = XCBuildConfiguration;
			buildSettings = {
				ALWAYS_SEARCH_USER_PATHS = NO;
				ARCHS = "$(ARCHS_STANDARD_32_BIT)";
				COPY_PHASE_STRIP = YES;
				FRAMEWORK_SEARCH_PATHS = "$(SRCROOT)/../include";
				GCC_C_LANGUAGE_STANDARD = gnu99;
				GCC_VERSION = com.apple.compilers.llvm.clang.1_0;
				GCC_WARN_ABOUT_MISSING_PROTOTYPES = YES;
				GCC_WARN_ABOUT_RETURN_TYPE = YES;
				GCC_WARN_UNUSED_VARIABLE = YES;
				IPHONEOS_DEPLOYMENT_TARGET = 5.0;
				SDKROOT = iphoneos;
				VALIDATE_PRODUCT = YES;
			};
			name = Release;
		};
		181BE11F154E78A2000CFB87 /* Debug */ = {
			isa = XCBuildConfiguration;
			buildSettings = {
				ARCHS = (
					armv6,
					"$(ARCHS_STANDARD_32_BIT)",
				);
				CONTENTS_FOLDER_PATH = "$(WRAPPER_NAME)/Versions/$(FRAMEWORK_VERSION)";
				DEAD_CODE_STRIPPING = NO;
				DYLIB_COMPATIBILITY_VERSION = 1;
				DYLIB_CURRENT_VERSION = 1;
				FRAMEWORK_SEARCH_PATHS = (
					"$(inherited)",
					"\"$(SRCROOT)/../../../Library/Developer/Xcode/DerivedData/lua_iphone-gugyrqoihmecvtapsuzgoeomjssi/Build/Products/Debug-iphoneos\"",
				);
				FRAMEWORK_VERSION = A;
				GCC_PRECOMPILE_PREFIX_HEADER = NO;
				GCC_PREFIX_HEADER = "";
				INFOPLIST_FILE = "lua_iphone/lua_iphone-Info.plist";
				INFOPLIST_PATH = "$(UNLOCALIZED_RESOURCES_FOLDER_PATH)/Info.plist";
				INSTALL_PATH = "$(BUILT_PRODUCTS_DIR)";
				LINK_WITH_STANDARD_LIBRARIES = NO;
				MACH_O_TYPE = mh_object;
				PRODUCT_NAME = "$(TARGET_NAME)";
				SKIP_INSTALL = YES;
				UNLOCALIZED_RESOURCES_FOLDER_PATH = "$(CONTENTS_FOLDER_PATH)/Resources";
				WRAPPER_EXTENSION = framework;
			};
			name = Debug;
		};
		181BE120154E78A2000CFB87 /* Release */ = {
			isa = XCBuildConfiguration;
			buildSettings = {
				ARCHS = (
					armv6,
					"$(ARCHS_STANDARD_32_BIT)",
				);
				CONTENTS_FOLDER_PATH = "$(WRAPPER_NAME)/Versions/$(FRAMEWORK_VERSION)";
				DEAD_CODE_STRIPPING = NO;
				DYLIB_COMPATIBILITY_VERSION = 1;
				DYLIB_CURRENT_VERSION = 1;
				FRAMEWORK_SEARCH_PATHS = (
					"$(inherited)",
					"\"$(SRCROOT)/../../../Library/Developer/Xcode/DerivedData/lua_iphone-gugyrqoihmecvtapsuzgoeomjssi/Build/Products/Debug-iphoneos\"",
				);
				FRAMEWORK_VERSION = A;
				GCC_PRECOMPILE_PREFIX_HEADER = NO;
				GCC_PREFIX_HEADER = "";
				INFOPLIST_FILE = "lua_iphone/lua_iphone-Info.plist";
				INFOPLIST_PATH = "$(UNLOCALIZED_RESOURCES_FOLDER_PATH)/Info.plist";
				INSTALL_PATH = "$(BUILT_PRODUCTS_DIR)";
				LINK_WITH_STANDARD_LIBRARIES = NO;
				MACH_O_TYPE = mh_object;
				PRODUCT_NAME = "$(TARGET_NAME)";
				SKIP_INSTALL = YES;
				UNLOCALIZED_RESOURCES_FOLDER_PATH = "$(CONTENTS_FOLDER_PATH)/Resources";
				WRAPPER_EXTENSION = framework;
			};
			name = Release;
		};
/* End XCBuildConfiguration section */

/* Begin XCConfigurationList section */
		181BE109154E78A2000CFB87 /* Build configuration list for PBXProject "lua_iphone" */ = {
			isa = XCConfigurationList;
			buildConfigurations = (
				181BE11C154E78A2000CFB87 /* Debug */,
				181BE11D154E78A2000CFB87 /* Release */,
			);
			defaultConfigurationIsVisible = 0;
			defaultConfigurationName = Release;
		};
		181BE11E154E78A2000CFB87 /* Build configuration list for PBXNativeTarget "Lua" */ = {
			isa = XCConfigurationList;
			buildConfigurations = (
				181BE11F154E78A2000CFB87 /* Debug */,
				181BE120154E78A2000CFB87 /* Release */,
			);
			defaultConfigurationIsVisible = 0;
			defaultConfigurationName = Release;
		};
/* End XCConfigurationList section */
	};
	rootObject = 181BE106154E78A2000CFB87 /* Project object */;
}
